
Microsoft Visual Studio Solution File, Format Version 12.00
# Visual Studio Version 17
VisualStudioVersion = 17.14.36429.23 d17.14
MinimumVisualStudioVersion = 10.0.40219.1
Project("{8BC9CEB8-8B4A-11D0-8D11-00A0C91BC942}") = "StormDll", "StormDll.vcxproj", "{BD600973-C6FA-4CE3-8821-67F6418B7F9C}"
EndProject
Global
	GlobalSection(SolutionConfigurationPlatforms) = preSolution
		Debug|Win32 = Debug|Win32
		Release|Win32 = Release|Win32
	EndGlobalSection
	GlobalSection(ProjectConfigurationPlatforms) = postSolution
		{BD600973-C6FA-4CE3-8821-67F6418B7F9C}.Debug|Win32.ActiveCfg = Debug|Win32
		{BD600973-C6FA-4CE3-8821-67F6418B7F9C}.Debug|Win32.Build.0 = Debug|Win32
		{BD600973-C6FA-4CE3-8821-67F6418B7F9C}.Release|Win32.ActiveCfg = Release|Win32
		{BD600973-C6FA-4CE3-8821-67F6418B7F9C}.Release|Win32.Build.0 = Release|Win32
	EndGlobalSection
	GlobalSection(SolutionProperties) = preSolution
		HideSolutionNode = FALSE
	EndGlobalSection
	GlobalSection(ExtensibilityGlobals) = postSolution
		SolutionGuid = {AF89CB1C-0DA3-4C4E-B7D6-50110A6E72CD}
	EndGlobalSection
EndGlobal
