<?xml version="1.0" encoding="utf-8"?>
<Project ToolsVersion="4.0" xmlns="http://schemas.microsoft.com/developer/msbuild/2003">
  <ItemGroup>
    <Filter Include="Source Files">
      <UniqueIdentifier>{45c30362-baf6-417a-a197-c193c532636a}</UniqueIdentifier>
      <Extensions>cpp;c;cxx;rc;def;r;odl;idl;hpj;bat</Extensions>
    </Filter>
    <Filter Include="Source Files\pklib">
      <UniqueIdentifier>{fefce0d9-96e0-4747-8519-cb5171e8e7d7}</UniqueIdentifier>
    </Filter>
    <Filter Include="Source Files\zlib">
      <UniqueIdentifier>{92bf4b76-474d-403a-a1aa-8f9c6af85e89}</UniqueIdentifier>
    </Filter>
    <Filter Include="Source Files\huffman">
      <UniqueIdentifier>{3fd905e8-ba5c-4de6-84a0-eef2b508b6b3}</UniqueIdentifier>
    </Filter>
    <Filter Include="Source Files\wave">
      <UniqueIdentifier>{cfca7450-7070-4bff-b094-f7df83557c7d}</UniqueIdentifier>
    </Filter>
    <Filter Include="Source Files\bzip2">
      <UniqueIdentifier>{3449ead3-4870-4e63-b7ae-a5aa78696312}</UniqueIdentifier>
    </Filter>
    <Filter Include="Source Files\misc">
      <UniqueIdentifier>{73f013cb-be7a-4e4f-946d-e93d79dbb1fa}</UniqueIdentifier>
    </Filter>
    <Filter Include="Header Files">
      <UniqueIdentifier>{f7906e89-59b8-4991-a393-7aba71bfc4a1}</UniqueIdentifier>
    </Filter>
  </ItemGroup>
  <ItemGroup>
    <ClCompile Include="stormlibdll\DllMain.c">
      <Filter>Source Files</Filter>
    </ClCompile>
    <ClCompile Include="stormlib\SAttrFile.cpp">
      <Filter>Source Files</Filter>
    </ClCompile>
    <ClCompile Include="stormlib\SCommon.cpp">
      <Filter>Source Files</Filter>
    </ClCompile>
    <ClCompile Include="stormlib\SCompression.cpp">
      <Filter>Source Files</Filter>
    </ClCompile>
    <ClCompile Include="stormlib\SFileCompactArchive.cpp">
      <Filter>Source Files</Filter>
    </ClCompile>
    <ClCompile Include="stormlib\SFileCreateArchiveEx.cpp">
      <Filter>Source Files</Filter>
    </ClCompile>
    <ClCompile Include="stormlib\SFileExtractFile.cpp">
      <Filter>Source Files</Filter>
    </ClCompile>
    <ClCompile Include="stormlib\SFileFindFile.cpp">
      <Filter>Source Files</Filter>
    </ClCompile>
    <ClCompile Include="stormlib\SFileOpenArchive.cpp">
      <Filter>Source Files</Filter>
    </ClCompile>
    <ClCompile Include="stormlib\SFileOpenFileEx.cpp">
      <Filter>Source Files</Filter>
    </ClCompile>
    <ClCompile Include="stormlib\SFileReadFile.cpp">
      <Filter>Source Files</Filter>
    </ClCompile>
    <ClCompile Include="stormlib\SListFile.cpp">
      <Filter>Source Files</Filter>
    </ClCompile>
    <ClCompile Include="stormlib\StormPortLinux.cpp">
      <Filter>Source Files</Filter>
    </ClCompile>
    <ClCompile Include="stormlib\StormPortMac.cpp">
      <Filter>Source Files</Filter>
    </ClCompile>
    <ClCompile Include="stormlib\pklib\explode.c">
      <Filter>Source Files\pklib</Filter>
    </ClCompile>
    <ClCompile Include="stormlib\pklib\implode.c">
      <Filter>Source Files\pklib</Filter>
    </ClCompile>
    <ClCompile Include="stormlib\zlib\adler32.c">
      <Filter>Source Files\zlib</Filter>
    </ClCompile>
    <ClCompile Include="stormlib\zlib\compress.c">
      <Filter>Source Files\zlib</Filter>
    </ClCompile>
    <ClCompile Include="stormlib\zlib\crc32.c">
      <Filter>Source Files\zlib</Filter>
    </ClCompile>
    <ClCompile Include="stormlib\zlib\deflate.c">
      <Filter>Source Files\zlib</Filter>
    </ClCompile>
    <ClCompile Include="stormlib\zlib\inffast.c">
      <Filter>Source Files\zlib</Filter>
    </ClCompile>
    <ClCompile Include="stormlib\zlib\inflate.c">
      <Filter>Source Files\zlib</Filter>
    </ClCompile>
    <ClCompile Include="stormlib\zlib\inftrees.c">
      <Filter>Source Files\zlib</Filter>
    </ClCompile>
    <ClCompile Include="stormlib\zlib\trees.c">
      <Filter>Source Files\zlib</Filter>
    </ClCompile>
    <ClCompile Include="stormlib\zlib\zutil.c">
      <Filter>Source Files\zlib</Filter>
    </ClCompile>
    <ClCompile Include="stormlib\huffman\huff.cpp">
      <Filter>Source Files\huffman</Filter>
    </ClCompile>
    <ClCompile Include="stormlib\wave\wave.cpp">
      <Filter>Source Files\wave</Filter>
    </ClCompile>
    <ClCompile Include="stormlib\bzip2\blocksort.c">
      <Filter>Source Files\bzip2</Filter>
    </ClCompile>
    <ClCompile Include="stormlib\bzip2\bzlib.c">
      <Filter>Source Files\bzip2</Filter>
    </ClCompile>
    <ClCompile Include="stormlib\bzip2\compress.c">
      <Filter>Source Files\bzip2</Filter>
    </ClCompile>
    <ClCompile Include="stormlib\bzip2\crctable.c">
      <Filter>Source Files\bzip2</Filter>
    </ClCompile>
    <ClCompile Include="stormlib\bzip2\decompress.c">
      <Filter>Source Files\bzip2</Filter>
    </ClCompile>
    <ClCompile Include="stormlib\bzip2\huffman.c">
      <Filter>Source Files\bzip2</Filter>
    </ClCompile>
    <ClCompile Include="stormlib\bzip2\randtable.c">
      <Filter>Source Files\bzip2</Filter>
    </ClCompile>
    <ClCompile Include="stormlib\misc\crc32.cpp">
      <Filter>Source Files\misc</Filter>
    </ClCompile>
    <ClCompile Include="stormlib\misc\md5.cpp">
      <Filter>Source Files\misc</Filter>
    </ClCompile>
  </ItemGroup>
  <ItemGroup>
    <ClInclude Include="stormlib\pklib\pklib.h">
      <Filter>Source Files\pklib</Filter>
    </ClInclude>
    <ClInclude Include="stormlib\zlib\zconf.h">
      <Filter>Source Files\zlib</Filter>
    </ClInclude>
    <ClInclude Include="stormlib\zlib\zlib.h">
      <Filter>Source Files\zlib</Filter>
    </ClInclude>
    <ClInclude Include="stormlib\huffman\huff.h">
      <Filter>Source Files\huffman</Filter>
    </ClInclude>
    <ClInclude Include="stormlib\wave\wave.h">
      <Filter>Source Files\wave</Filter>
    </ClInclude>
    <ClInclude Include="stormlib\bzip2\bzlib.h">
      <Filter>Source Files\bzip2</Filter>
    </ClInclude>
    <ClInclude Include="stormlib\SCommon.h">
      <Filter>Header Files</Filter>
    </ClInclude>
    <ClInclude Include="stormlib\Storm.h">
      <Filter>Header Files</Filter>
    </ClInclude>
    <ClInclude Include="stormlib\StormLib.h">
      <Filter>Header Files</Filter>
    </ClInclude>
    <ClInclude Include="stormlib\StormPort.h">
      <Filter>Header Files</Filter>
    </ClInclude>
  </ItemGroup>
</Project>